
Microsoft Visual Studio Solution File, Format Version 12.00
# Visual Studio Version 17
VisualStudioVersion = 17.10.34928.147
MinimumVisualStudioVersion = 10.0.40219.1
Project("{8BC9CEB8-8B4A-11D0-8D11-00A0C91BC942}") = "Mikesh's Game of Life", "Mikesh's Game of Life/Mikesh's Game of Life.vcxproj", "{F42CCAF3-9EBA-459C-A845-1BEAAF15EBAD}"
EndProject
Global
	GlobalSection(SolutionConfigurationPlatforms) = preSolution
		Debug|x64 = Debug|x64
		Debug|x86 = Debug|x86
		Release|x64 = Release|x64
		Release|x86 = Release|x86
	EndGlobalSection
	GlobalSection(ProjectConfigurationPlatforms) = postSolution
		{F42CCAF3-9EBA-459C-A845-1BEAAF15EBAD}.Debug|x64.ActiveCfg = Debug|x64
		{F42CCAF3-9EBA-459C-A845-1BEAAF15EBAD}.Debug|x64.Build.0 = Debug|x64
		{F42CCAF3-9EBA-459C-A845-1BEAAF15EBAD}.Debug|x86.ActiveCfg = Debug|Win32
		{F42CCAF3-9EBA-459C-A845-1BEAAF15EBAD}.Debug|x86.Build.0 = Debug|Win32
		{F42CCAF3-9EBA-459C-A845-1BEAAF15EBAD}.Release|x64.ActiveCfg = Release|x64
		{F42CCAF3-9EBA-459C-A845-1BEAAF15EBAD}.Release|x64.Build.0 = Release|x64
		{F42CCAF3-9EBA-459C-A845-1BEAAF15EBAD}.Release|x86.ActiveCfg = Release|Win32
		{F42CCAF3-9EBA-459C-A845-1BEAAF15EBAD}.Release|x86.Build.0 = Release|Win32
	EndGlobalSection
	GlobalSection(SolutionProperties) = preSolution
		HideSolutionNode = FALSE
	EndGlobalSection
	GlobalSection(ExtensibilityGlobals) = postSolution
		SolutionGuid = {38687A4E-4984-4327-B21B-5A9237CBDCCD}
	EndGlobalSection
EndGlobal
